
Microsoft Visual Studio Solution File, Format Version 12.00
Project("{FAE04EC0-301F-11D3-BF4B-00C04F79EFBC}") = "SoftProgres.PatientRegistry.Api", "SoftProgres.PatientRegistry.Api\SoftProgres.PatientRegistry.Api.csproj", "{A125A2A5-1EB4-42D0-B73E-1A3BCE1FE516}"
EndProject
Project("{FAE04EC0-301F-11D3-BF4B-00C04F79EFBC}") = "SoftProgres.PatientRegistry.Desktop", "SoftProgres.PatientRegistry.Desktop\SoftProgres.PatientRegistry.Desktop.csproj", "{FCACAFED-BE4E-4972-992F-E140044EE53C}"
EndProject
Project("{2150E333-8FDC-42A3-9474-1A3956D46DE8}") = "Solution Files", "Solution Files", "{F7477446-A966-43C6-835E-D66DF214D940}"
	ProjectSection(SolutionItems) = preProject
		LICENSE = LICENSE
		README.md = README.md
		.gitignore = .gitignore
		global.json = global.json
	EndProjectSection
EndProject
Global
	GlobalSection(SolutionConfigurationPlatforms) = preSolution
		Debug|Any CPU = Debug|Any CPU
		Release|Any CPU = Release|Any CPU
	EndGlobalSection
	GlobalSection(ProjectConfigurationPlatforms) = postSolution
		{A125A2A5-1EB4-42D0-B73E-1A3BCE1FE516}.Debug|Any CPU.ActiveCfg = Debug|Any CPU
		{A125A2A5-1EB4-42D0-B73E-1A3BCE1FE516}.Debug|Any CPU.Build.0 = Debug|Any CPU
		{A125A2A5-1EB4-42D0-B73E-1A3BCE1FE516}.Release|Any CPU.ActiveCfg = Release|Any CPU
		{A125A2A5-1EB4-42D0-B73E-1A3BCE1FE516}.Release|Any CPU.Build.0 = Release|Any CPU
		{FCACAFED-BE4E-4972-992F-E140044EE53C}.Debug|Any CPU.ActiveCfg = Debug|Any CPU
		{FCACAFED-BE4E-4972-992F-E140044EE53C}.Debug|Any CPU.Build.0 = Debug|Any CPU
		{FCACAFED-BE4E-4972-992F-E140044EE53C}.Release|Any CPU.ActiveCfg = Release|Any CPU
		{FCACAFED-BE4E-4972-992F-E140044EE53C}.Release|Any CPU.Build.0 = Release|Any CPU
	EndGlobalSection
EndGlobal
